github.com/microsoft/go-infra v0.0.4 h1:VOAdESUaBMpwY+tzlvQbD2coSjP7gMNXB8FCfsdFmGk=
github.com/microsoft/go-infra v0.0.4/go.mod h1:FxSudYLTYTeK3vMXD7Mpvs6rjHg4YU1/M1w3t7PfSBU=
golang.org/x/text v0.16.0 h1:a94ExnEXNtEwYLGJSIUxnWoxoRz/ZcCsV63ROupILh4=
golang.org/x/text v0.16.0/go.mod h1:GhwF1Be+LQoKShO3cGOHzqOgRrGaYc9AvblQOmPVHnI=
