github.com/microsoft/go-infra v0.0.3 h1:HfmZFPfUOlvvzd97XBTwhq1EJ0AlSuIzqSq/ymjaBr4=
github.com/microsoft/go-infra v0.0.3/go.mod h1:9QccxlHX1T63uM8cDwU77h26G53XXuydobGbDHxmR7M=
golang.org/x/text v0.16.0 h1:a94ExnEXNtEwYLGJSIUxnWoxoRz/ZcCsV63ROupILh4=
golang.org/x/text v0.16.0/go.mod h1:GhwF1Be+LQoKShO3cGOHzqOgRrGaYc9AvblQOmPVHnI=
